// !$*UTF8*$!
{
	archiveVersion = 1;
	classes = {
	};
	objectVersion = 50;
	objects = {

/* Begin PBXBuildFile section */
		8A47225121AD8F0F005EE37C /* AppDelegate.swift in Sources */ = {isa = PBXBuildFile; fileRef = 8A47225021AD8F0F005EE37C /* AppDelegate.swift */; };
		8A47225321AD8F0F005EE37C /* ViewController.swift in Sources */ = {isa = PBXBuildFile; fileRef = 8A47225221AD8F0F005EE37C /* ViewController.swift */; };
		8A47225621AD8F0F005EE37C /* Main.storyboard in Resources */ = {isa = PBXBuildFile; fileRef = 8A47225421AD8F0F005EE37C /* Main.storyboard */; };
		8A47225821AD8F10005EE37C /* Assets.xcassets in Resources */ = {isa = PBXBuildFile; fileRef = 8A47225721AD8F10005EE37C /* Assets.xcassets */; };
		8A47225B21AD8F10005EE37C /* LaunchScreen.storyboard in Resources */ = {isa = PBXBuildFile; fileRef = 8A47225921AD8F10005EE37C /* LaunchScreen.storyboard */; };
		8A47226621AD8F11005EE37C /* Demo_ifelseTests.swift in Sources */ = {isa = PBXBuildFile; fileRef = 8A47226521AD8F11005EE37C /* Demo_ifelseTests.swift */; };
		8A47227121AD8F11005EE37C /* Demo_ifelseUITests.swift in Sources */ = {isa = PBXBuildFile; fileRef = 8A47227021AD8F11005EE37C /* Demo_ifelseUITests.swift */; };
/* End PBXBuildFile section */

/* Begin PBXContainerItemProxy section */
		8A47226221AD8F11005EE37C /* PBXContainerItemProxy */ = {
			isa = PBXContainerItemProxy;
			containerPortal = 8A47224521AD8F0F005EE37C /* Project object */;
			proxyType = 1;
			remoteGlobalIDString = 8A47224C21AD8F0F005EE37C;
			remoteInfo = "Demo ifelse";
		};
		8A47226D21AD8F11005EE37C /* PBXContainerItemProxy */ = {
			isa = PBXContainerItemProxy;
			containerPortal = 8A47224521AD8F0F005EE37C /* Project object */;
			proxyType = 1;
			remoteGlobalIDString = 8A47224C21AD8F0F005EE37C;
			remoteInfo = "Demo ifelse";
		};
/* End PBXContainerItemProxy section */

/* Begin PBXFileReference section */
		8A47224D21AD8F0F005EE37C /* Demo ifelse.app */ = {isa = PBXFileReference; explicitFileType = wrapper.application; includeInIndex = 0; path = "Demo ifelse.app"; sourceTree = BUILT_PRODUCTS_DIR; };
		8A47225021AD8F0F005EE37C /* AppDelegate.swift */ = {isa = PBXFileReference; lastKnownFileType = sourcecode.swift; path = AppDelegate.swift; sourceTree = "<group>"; };
		8A47225221AD8F0F005EE37C /* ViewController.swift */ = {isa = PBXFileReference; lastKnownFileType = sourcecode.swift; path = ViewController.swift; sourceTree = "<group>"; };
		8A47225521AD8F0F005EE37C /* Base */ = {isa = PBXFileReference; lastKnownFileType = file.storyboard; name = Base; path = Base.lproj/Main.storyboard; sourceTree = "<group>"; };
		8A47225721AD8F10005EE37C /* Assets.xcassets */ = {isa = PBXFileReference; lastKnownFileType = folder.assetcatalog; path = Assets.xcassets; sourceTree = "<group>"; };
		8A47225A21AD8F10005EE37C /* Base */ = {isa = PBXFileReference; lastKnownFileType = file.storyboard; name = Base; path = Base.lproj/LaunchScreen.storyboard; sourceTree = "<group>"; };
		8A47225C21AD8F10005EE37C /* Info.plist */ = {isa = PBXFileReference; lastKnownFileType = text.plist.xml; path = Info.plist; sourceTree = "<group>"; };
		8A47226121AD8F11005EE37C /* Demo ifelseTests.xctest */ = {isa = PBXFileReference; explicitFileType = wrapper.cfbundle; includeInIndex = 0; path = "Demo ifelseTests.xctest"; sourceTree = BUILT_PRODUCTS_DIR; };
		8A47226521AD8F11005EE37C /* Demo_ifelseTests.swift */ = {isa = PBXFileReference; lastKnownFileType = sourcecode.swift; path = Demo_ifelseTests.swift; sourceTree = "<group>"; };
		8A47226721AD8F11005EE37C /* Info.plist */ = {isa = PBXFileReference; lastKnownFileType = text.plist.xml; path = Info.plist; sourceTree = "<group>"; };
		8A47226C21AD8F11005EE37C /* Demo ifelseUITests.xctest */ = {isa = PBXFileReference; explicitFileType = wrapper.cfbundle; includeInIndex = 0; path = "Demo ifelseUITests.xctest"; sourceTree = BUILT_PRODUCTS_DIR; };
		8A47227021AD8F11005EE37C /* Demo_ifelseUITests.swift */ = {isa = PBXFileReference; lastKnownFileType = sourcecode.swift; path = Demo_ifelseUITests.swift; sourceTree = "<group>"; };
		8A47227221AD8F11005EE37C /* Info.plist */ = {isa = PBXFileReference; lastKnownFileType = text.plist.xml; path = Info.plist; sourceTree = "<group>"; };
/* End PBXFileReference section */

/* Begin PBXFrameworksBuildPhase section */
		8A47224A21AD8F0F005EE37C /* Frameworks */ = {
			isa = PBXFrameworksBuildPhase;
			buildActionMask = 2147483647;
			files = (
			);
			runOnlyForDeploymentPostprocessing = 0;
		};
		8A47225E21AD8F11005EE37C /* Frameworks */ = {
			isa = PBXFrameworksBuildPhase;
			buildActionMask = 2147483647;
			files = (
			);
			runOnlyForDeploymentPostprocessing = 0;
		};
		8A47226921AD8F11005EE37C /* Frameworks */ = {
			isa = PBXFrameworksBuildPhase;
			buildActionMask = 2147483647;
			files = (
			);
			runOnlyForDeploymentPostprocessing = 0;
		};
/* End PBXFrameworksBuildPhase section */

/* Begin PBXGroup section */
		8A47224421AD8F0F005EE37C = {
			isa = PBXGroup;
			children = (
				8A47224F21AD8F0F005EE37C /* Demo ifelse */,
				8A47226421AD8F11005EE37C /* Demo ifelseTests */,
				8A47226F21AD8F11005EE37C /* Demo ifelseUITests */,
				8A47224E21AD8F0F005EE37C /* Products */,
			);
			sourceTree = "<group>";
		};
		8A47224E21AD8F0F005EE37C /* Products */ = {
			isa = PBXGroup;
			children = (
				8A47224D21AD8F0F005EE37C /* Demo ifelse.app */,
				8A47226121AD8F11005EE37C /* Demo ifelseTests.xctest */,
				8A47226C21AD8F11005EE37C /* Demo ifelseUITests.xctest */,
			);
			name = Products;
			sourceTree = "<group>";
		};
		8A47224F21AD8F0F005EE37C /* Demo ifelse */ = {
			isa = PBXGroup;
			children = (
				8A47225021AD8F0F005EE37C /* AppDelegate.swift */,
				8A47225221AD8F0F005EE37C /* ViewController.swift */,
				8A47225421AD8F0F005EE37C /* Main.storyboard */,
				8A47225721AD8F10005EE37C /* Assets.xcassets */,
				8A47225921AD8F10005EE37C /* LaunchScreen.storyboard */,
				8A47225C21AD8F10005EE37C /* Info.plist */,
			);
			path = "Demo ifelse";
			sourceTree = "<group>";
		};
		8A47226421AD8F11005EE37C /* Demo ifelseTests */ = {
			isa = PBXGroup;
			children = (
				8A47226521AD8F11005EE37C /* Demo_ifelseTests.swift */,
				8A47226721AD8F11005EE37C /* Info.plist */,
			);
			path = "Demo ifelseTests";
			sourceTree = "<group>";
		};
		8A47226F21AD8F11005EE37C /* Demo ifelseUITests */ = {
			isa = PBXGroup;
			children = (
				8A47227021AD8F11005EE37C /* Demo_ifelseUITests.swift */,
				8A47227221AD8F11005EE37C /* Info.plist */,
			);
			path = "Demo ifelseUITests";
			sourceTree = "<group>";
		};
/* End PBXGroup section */

/* Begin PBXNativeTarget section */
		8A47224C21AD8F0F005EE37C /* Demo ifelse */ = {
			isa = PBXNativeTarget;
			buildConfigurationList = 8A47227521AD8F11005EE37C /* Build configuration list for PBXNativeTarget "Demo ifelse" */;
			buildPhases = (
				8A47224921AD8F0F005EE37C /* Sources */,
				8A47224A21AD8F0F005EE37C /* Frameworks */,
				8A47224B21AD8F0F005EE37C /* Resources */,
			);
			buildRules = (
			);
			dependencies = (
			);
			name = "Demo ifelse";
			productName = "Demo ifelse";
			productReference = 8A47224D21AD8F0F005EE37C /* Demo ifelse.app */;
			productType = "com.apple.product-type.application";
		};
		8A47226021AD8F11005EE37C /* Demo ifelseTests */ = {
			isa = PBXNativeTarget;
			buildConfigurationList = 8A47227821AD8F11005EE37C /* Build configuration list for PBXNativeTarget "Demo ifelseTests" */;
			buildPhases = (
				8A47225D21AD8F11005EE37C /* Sources */,
				8A47225E21AD8F11005EE37C /* Frameworks */,
				8A47225F21AD8F11005EE37C /* Resources */,
			);
			buildRules = (
			);
			dependencies = (
				8A47226321AD8F11005EE37C /* PBXTargetDependency */,
			);
			name = "Demo ifelseTests";
			productName = "Demo ifelseTests";
			productReference = 8A47226121AD8F11005EE37C /* Demo ifelseTests.xctest */;
			productType = "com.apple.product-type.bundle.unit-test";
		};
		8A47226B21AD8F11005EE37C /* Demo ifelseUITests */ = {
			isa = PBXNativeTarget;
			buildConfigurationList = 8A47227B21AD8F11005EE37C /* Build configuration list for PBXNativeTarget "Demo ifelseUITests" */;
			buildPhases = (
				8A47226821AD8F11005EE37C /* Sources */,
				8A47226921AD8F11005EE37C /* Frameworks */,
				8A47226A21AD8F11005EE37C /* Resources */,
			);
			buildRules = (
			);
			dependencies = (
				8A47226E21AD8F11005EE37C /* PBXTargetDependency */,
			);
			name = "Demo ifelseUITests";
			productName = "Demo ifelseUITests";
			productReference = 8A47226C21AD8F11005EE37C /* Demo ifelseUITests.xctest */;
			productType = "com.apple.product-type.bundle.ui-testing";
		};
/* End PBXNativeTarget section */

/* Begin PBXProject section */
		8A47224521AD8F0F005EE37C /* Project object */ = {
			isa = PBXProject;
			attributes = {
				LastSwiftUpdateCheck = 0940;
				LastUpgradeCheck = 0940;
				ORGANIZATIONNAME = "Nguyễn Thành";
				TargetAttributes = {
					8A47224C21AD8F0F005EE37C = {
						CreatedOnToolsVersion = 9.4.1;
					};
					8A47226021AD8F11005EE37C = {
						CreatedOnToolsVersion = 9.4.1;
						TestTargetID = 8A47224C21AD8F0F005EE37C;
					};
					8A47226B21AD8F11005EE37C = {
						CreatedOnToolsVersion = 9.4.1;
						TestTargetID = 8A47224C21AD8F0F005EE37C;
					};
				};
			};
			buildConfigurationList = 8A47224821AD8F0F005EE37C /* Build configuration list for PBXProject "Demo ifelse" */;
			compatibilityVersion = "Xcode 9.3";
			developmentRegion = en;
			hasScannedForEncodings = 0;
			knownRegions = (
				en,
				Base,
			);
			mainGroup = 8A47224421AD8F0F005EE37C;
			productRefGroup = 8A47224E21AD8F0F005EE37C /* Products */;
			projectDirPath = "";
			projectRoot = "";
			targets = (
				8A47224C21AD8F0F005EE37C /* Demo ifelse */,
				8A47226021AD8F11005EE37C /* Demo ifelseTests */,
				8A47226B21AD8F11005EE37C /* Demo ifelseUITests */,
			);
		};
/* End PBXProject section */

/* Begin PBXResourcesBuildPhase section */
		8A47224B21AD8F0F005EE37C /* Resources */ = {
			isa = PBXResourcesBuildPhase;
			buildActionMask = 2147483647;
			files = (
				8A47225B21AD8F10005EE37C /* LaunchScreen.storyboard in Resources */,
				8A47225821AD8F10005EE37C /* Assets.xcassets in Resources */,
				8A47225621AD8F0F005EE37C /* Main.storyboard in Resources */,
			);
			runOnlyForDeploymentPostprocessing = 0;
		};
		8A47225F21AD8F11005EE37C /* Resources */ = {
			isa = PBXResourcesBuildPhase;
			buildActionMask = 2147483647;
			files = (
			);
			runOnlyForDeploymentPostprocessing = 0;
		};
		8A47226A21AD8F11005EE37C /* Resources */ = {
			isa = PBXResourcesBuildPhase;
			buildActionMask = 2147483647;
			files = (
			);
			runOnlyForDeploymentPostprocessing = 0;
		};
/* End PBXResourcesBuildPhase section */

/* Begin PBXSourcesBuildPhase section */
		8A47224921AD8F0F005EE37C /* Sources */ = {
			isa = PBXSourcesBuildPhase;
			buildActionMask = 2147483647;
			files = (
				8A47225321AD8F0F005EE37C /* ViewController.swift in Sources */,
				8A47225121AD8F0F005EE37C /* AppDelegate.swift in Sources */,
			);
			runOnlyForDeploymentPostprocessing = 0;
		};
		8A47225D21AD8F11005EE37C /* Sources */ = {
			isa = PBXSourcesBuildPhase;
			buildActionMask = 2147483647;
			files = (
				8A47226621AD8F11005EE37C /* Demo_ifelseTests.swift in Sources */,
			);
			runOnlyForDeploymentPostprocessing = 0;
		};
		8A47226821AD8F11005EE37C /* Sources */ = {
			isa = PBXSourcesBuildPhase;
			buildActionMask = 2147483647;
			files = (
				8A47227121AD8F11005EE37C /* Demo_ifelseUITests.swift in Sources */,
			);
			runOnlyForDeploymentPostprocessing = 0;
		};
/* End PBXSourcesBuildPhase section */

/* Begin PBXTargetDependency section */
		8A47226321AD8F11005EE37C /* PBXTargetDependency */ = {
			isa = PBXTargetDependency;
			target = 8A47224C21AD8F0F005EE37C /* Demo ifelse */;
			targetProxy = 8A47226221AD8F11005EE37C /* PBXContainerItemProxy */;
		};
		8A47226E21AD8F11005EE37C /* PBXTargetDependency */ = {
			isa = PBXTargetDependency;
			target = 8A47224C21AD8F0F005EE37C /* Demo ifelse */;
			targetProxy = 8A47226D21AD8F11005EE37C /* PBXContainerItemProxy */;
		};
/* End PBXTargetDependency section */

/* Begin PBXVariantGroup section */
		8A47225421AD8F0F005EE37C /* Main.storyboard */ = {
			isa = PBXVariantGroup;
			children = (
				8A47225521AD8F0F005EE37C /* Base */,
			);
			name = Main.storyboard;
			sourceTree = "<group>";
		};
		8A47225921AD8F10005EE37C /* LaunchScreen.storyboard */ = {
			isa = PBXVariantGroup;
			children = (
				8A47225A21AD8F10005EE37C /* Base */,
			);
			name = LaunchScreen.storyboard;
			sourceTree = "<group>";
		};
/* End PBXVariantGroup section */

/* Begin XCBuildConfiguration section */
		8A47227321AD8F11005EE37C /* Debug */ = {
			isa = XCBuildConfiguration;
			buildSettings = {
				ALWAYS_SEARCH_USER_PATHS = NO;
				CLANG_ANALYZER_NONNULL = YES;
				CLANG_ANALYZER_NUMBER_OBJECT_CONVERSION = YES_AGGRESSIVE;
				CLANG_CXX_LANGUAGE_STANDARD = "gnu++14";
				CLANG_CXX_LIBRARY = "libc++";
				CLANG_ENABLE_MODULES = YES;
				CLANG_ENABLE_OBJC_ARC = YES;
				CLANG_ENABLE_OBJC_WEAK = YES;
				CLANG_WARN_BLOCK_CAPTURE_AUTORELEASING = YES;
				CLANG_WARN_BOOL_CONVERSION = YES;
				CLANG_WARN_COMMA = YES;
				CLANG_WARN_CONSTANT_CONVERSION = YES;
				CLANG_WARN_DEPRECATED_OBJC_IMPLEMENTATIONS = YES;
				CLANG_WARN_DIRECT_OBJC_ISA_USAGE = YES_ERROR;
				CLANG_WARN_DOCUMENTATION_COMMENTS = YES;
				CLANG_WARN_EMPTY_BODY = YES;
				CLANG_WARN_ENUM_CONVERSION = YES;
				CLANG_WARN_INFINITE_RECURSION = YES;
				CLANG_WARN_INT_CONVERSION = YES;
				CLANG_WARN_NON_LITERAL_NULL_CONVERSION = YES;
				CLANG_WARN_OBJC_IMPLICIT_RETAIN_SELF = YES;
				CLANG_WARN_OBJC_LITERAL_CONVERSION = YES;
				CLANG_WARN_OBJC_ROOT_CLASS = YES_ERROR;
				CLANG_WARN_RANGE_LOOP_ANALYSIS = YES;
				CLANG_WARN_STRICT_PROTOTYPES = YES;
				CLANG_WARN_SUSPICIOUS_MOVE = YES;
				CLANG_WARN_UNGUARDED_AVAILABILITY = YES_AGGRESSIVE;
				CLANG_WARN_UNREACHABLE_CODE = YES;
				CLANG_WARN__DUPLICATE_METHOD_MATCH = YES;
				CODE_SIGN_IDENTITY = "iPhone Developer";
				COPY_PHASE_STRIP = NO;
				DEBUG_INFORMATION_FORMAT = dwarf;
				ENABLE_STRICT_OBJC_MSGSEND = YES;
				ENABLE_TESTABILITY = YES;
				GCC_C_LANGUAGE_STANDARD = gnu11;
				GCC_DYNAMIC_NO_PIC = NO;
				GCC_NO_COMMON_BLOCKS = YES;
				GCC_OPTIMIZATION_LEVEL = 0;
				GCC_PREPROCESSOR_DEFINITIONS = (
					"DEBUG=1",
					"$(inherited)",
				);
				GCC_WARN_64_TO_32_BIT_CONVERSION = YES;
				GCC_WARN_ABOUT_RETURN_TYPE = YES_ERROR;
				GCC_WARN_UNDECLARED_SELECTOR = YES;
				GCC_WARN_UNINITIALIZED_AUTOS = YES_AGGRESSIVE;
				GCC_WARN_UNUSED_FUNCTION = YES;
				GCC_WARN_UNUSED_VARIABLE = YES;
				IPHONEOS_DEPLOYMENT_TARGET = 11.4;
				MTL_ENABLE_DEBUG_INFO = YES;
				ONLY_ACTIVE_ARCH = YES;
				SDKROOT = iphoneos;
				SWIFT_ACTIVE_COMPILATION_CONDITIONS = DEBUG;
				SWIFT_OPTIMIZATION_LEVEL = "-Onone";
			};
			name = Debug;
		};
		8A47227421AD8F11005EE37C /* Release */ = {
			isa = XCBuildConfiguration;
			buildSettings = {
				ALWAYS_SEARCH_USER_PATHS = NO;
				CLANG_ANALYZER_NONNULL = YES;
				CLANG_ANALYZER_NUMBER_OBJECT_CONVERSION = YES_AGGRESSIVE;
				CLANG_CXX_LANGUAGE_STANDARD = "gnu++14";
				CLANG_CXX_LIBRARY = "libc++";
				CLANG_ENABLE_MODULES = YES;
				CLANG_ENABLE_OBJC_ARC = YES;
				CLANG_ENABLE_OBJC_WEAK = YES;
				CLANG_WARN_BLOCK_CAPTURE_AUTORELEASING = YES;
				CLANG_WARN_BOOL_CONVERSION = YES;
				CLANG_WARN_COMMA = YES;
				CLANG_WARN_CONSTANT_CONVERSION = YES;
				CLANG_WARN_DEPRECATED_OBJC_IMPLEMENTATIONS = YES;
				CLANG_WARN_DIRECT_OBJC_ISA_USAGE = YES_ERROR;
				CLANG_WARN_DOCUMENTATION_COMMENTS = YES;
				CLANG_WARN_EMPTY_BODY = YES;
				CLANG_WARN_ENUM_CONVERSION = YES;
				CLANG_WARN_INFINITE_RECURSION = YES;
				CLANG_WARN_INT_CONVERSION = YES;
				CLANG_WARN_NON_LITERAL_NULL_CONVERSION = YES;
				CLANG_WARN_OBJC_IMPLICIT_RETAIN_SELF = YES;
				CLANG_WARN_OBJC_LITERAL_CONVERSION = YES;
				CLANG_WARN_OBJC_ROOT_CLASS = YES_ERROR;
				CLANG_WARN_RANGE_LOOP_ANALYSIS = YES;
				CLANG_WARN_STRICT_PROTOTYPES = YES;
				CLANG_WARN_SUSPICIOUS_MOVE = YES;
				CLANG_WARN_UNGUARDED_AVAILABILITY = YES_AGGRESSIVE;
				CLANG_WARN_UNREACHABLE_CODE = YES;
				CLANG_WARN__DUPLICATE_METHOD_MATCH = YES;
				CODE_SIGN_IDENTITY = "iPhone Developer";
				COPY_PHASE_STRIP = NO;
				DEBUG_INFORMATION_FORMAT = "dwarf-with-dsym";
				ENABLE_NS_ASSERTIONS = NO;
				ENABLE_STRICT_OBJC_MSGSEND = YES;
				GCC_C_LANGUAGE_STANDARD = gnu11;
				GCC_NO_COMMON_BLOCKS = YES;
				GCC_WARN_64_TO_32_BIT_CONVERSION = YES;
				GCC_WARN_ABOUT_RETURN_TYPE = YES_ERROR;
				GCC_WARN_UNDECLARED_SELECTOR = YES;
				GCC_WARN_UNINITIALIZED_AUTOS = YES_AGGRESSIVE;
				GCC_WARN_UNUSED_FUNCTION = YES;
				GCC_WARN_UNUSED_VARIABLE = YES;
				IPHONEOS_DEPLOYMENT_TARGET = 11.4;
				MTL_ENABLE_DEBUG_INFO = NO;
				SDKROOT = iphoneos;
				SWIFT_COMPILATION_MODE = wholemodule;
				SWIFT_OPTIMIZATION_LEVEL = "-O";
				VALIDATE_PRODUCT = YES;
			};
			name = Release;
		};
		8A47227621AD8F11005EE37C /* Debug */ = {
			isa = XCBuildConfiguration;
			buildSettings = {
				ASSETCATALOG_COMPILER_APPICON_NAME = AppIcon;
				CODE_SIGN_STYLE = Automatic;
				DEVELOPMENT_TEAM = 6FB2CK39NM;
				INFOPLIST_FILE = "Demo ifelse/Info.plist";
				LD_RUNPATH_SEARCH_PATHS = (
					"$(inherited)",
					"@executable_path/Frameworks",
				);
				PRODUCT_BUNDLE_IDENTIFIER = "com.Demo-ifelse";
				PRODUCT_NAME = "$(TARGET_NAME)";
				SWIFT_VERSION = 4.0;
				TARGETED_DEVICE_FAMILY = "1,2";
			};
			name = Debug;
		};
		8A47227721AD8F11005EE37C /* Release */ = {
			isa = XCBuildConfiguration;
			buildSettings = {
				ASSETCATALOG_COMPILER_APPICON_NAME = AppIcon;
				CODE_SIGN_STYLE = Automatic;
				DEVELOPMENT_TEAM = 6FB2CK39NM;
				INFOPLIST_FILE = "Demo ifelse/Info.plist";
				LD_RUNPATH_SEARCH_PATHS = (
					"$(inherited)",
					"@executable_path/Frameworks",
				);
				PRODUCT_BUNDLE_IDENTIFIER = "com.Demo-ifelse";
				PRODUCT_NAME = "$(TARGET_NAME)";
				SWIFT_VERSION = 4.0;
				TARGETED_DEVICE_FAMILY = "1,2";
			};
			name = Release;
		};
		8A47227921AD8F11005EE37C /* Debug */ = {
			isa = XCBuildConfiguration;
			buildSettings = {
				ALWAYS_EMBED_SWIFT_STANDARD_LIBRARIES = YES;
				BUNDLE_LOADER = "$(TEST_HOST)";
				CODE_SIGN_STYLE = Automatic;
				DEVELOPMENT_TEAM = 6FB2CK39NM;
				INFOPLIST_FILE = "Demo ifelseTests/Info.plist";
				LD_RUNPATH_SEARCH_PATHS = (
					"$(inherited)",
					"@executable_path/Frameworks",
					"@loader_path/Frameworks",
				);
				PRODUCT_BUNDLE_IDENTIFIER = "com.Demo-ifelseTests";
				PRODUCT_NAME = "$(TARGET_NAME)";
				SWIFT_VERSION = 4.0;
				TARGETED_DEVICE_FAMILY = "1,2";
				TEST_HOST = "$(BUILT_PRODUCTS_DIR)/Demo ifelse.app/Demo ifelse";
			};
			name = Debug;
		};
		8A47227A21AD8F11005EE37C /* Release */ = {
			isa = XCBuildConfiguration;
			buildSettings = {
				ALWAYS_EMBED_SWIFT_STANDARD_LIBRARIES = YES;
				BUNDLE_LOADER = "$(TEST_HOST)";
				CODE_SIGN_STYLE = Automatic;
				DEVELOPMENT_TEAM = 6FB2CK39NM;
				INFOPLIST_FILE = "Demo ifelseTests/Info.plist";
				LD_RUNPATH_SEARCH_PATHS = (
					"$(inherited)",
					"@executable_path/Frameworks",
					"@loader_path/Frameworks",
				);
				PRODUCT_BUNDLE_IDENTIFIER = "com.Demo-ifelseTests";
				PRODUCT_NAME = "$(TARGET_NAME)";
				SWIFT_VERSION = 4.0;
				TARGETED_DEVICE_FAMILY = "1,2";
				TEST_HOST = "$(BUILT_PRODUCTS_DIR)/Demo ifelse.app/Demo ifelse";
			};
			name = Release;
		};
		8A47227C21AD8F11005EE37C /* Debug */ = {
			isa = XCBuildConfiguration;
			buildSettings = {
				ALWAYS_EMBED_SWIFT_STANDARD_LIBRARIES = YES;
				CODE_SIGN_STYLE = Automatic;
				DEVELOPMENT_TEAM = 6FB2CK39NM;
				INFOPLIST_FILE = "Demo ifelseUITests/Info.plist";
				LD_RUNPATH_SEARCH_PATHS = (
					"$(inherited)",
					"@executable_path/Frameworks",
					"@loader_path/Frameworks",
				);
				PRODUCT_BUNDLE_IDENTIFIER = "com.Demo-ifelseUITests";
				PRODUCT_NAME = "$(TARGET_NAME)";
				SWIFT_VERSION = 4.0;
				TARGETED_DEVICE_FAMILY = "1,2";
				TEST_TARGET_NAME = "Demo ifelse";
			};
			name = Debug;
		};
		8A47227D21AD8F11005EE37C /* Release */ = {
			isa = XCBuildConfiguration;
			buildSettings = {
				ALWAYS_EMBED_SWIFT_STANDARD_LIBRARIES = YES;
				CODE_SIGN_STYLE = Automatic;
				DEVELOPMENT_TEAM = 6FB2CK39NM;
				INFOPLIST_FILE = "Demo ifelseUITests/Info.plist";
				LD_RUNPATH_SEARCH_PATHS = (
					"$(inherited)",
					"@executable_path/Frameworks",
					"@loader_path/Frameworks",
				);
				PRODUCT_BUNDLE_IDENTIFIER = "com.Demo-ifelseUITests";
				PRODUCT_NAME = "$(TARGET_NAME)";
				SWIFT_VERSION = 4.0;
				TARGETED_DEVICE_FAMILY = "1,2";
				TEST_TARGET_NAME = "Demo ifelse";
			};
			name = Release;
		};
/* End XCBuildConfiguration section */

/* Begin XCConfigurationList section */
		8A47224821AD8F0F005EE37C /* Build configuration list for PBXProject "Demo ifelse" */ = {
			isa = XCConfigurationList;
			buildConfigurations = (
				8A47227321AD8F11005EE37C /* Debug */,
				8A47227421AD8F11005EE37C /* Release */,
			);
			defaultConfigurationIsVisible = 0;
			defaultConfigurationName = Release;
		};
		8A47227521AD8F11005EE37C /* Build configuration list for PBXNativeTarget "Demo ifelse" */ = {
			isa = XCConfigurationList;
			buildConfigurations = (
				8A47227621AD8F11005EE37C /* Debug */,
				8A47227721AD8F11005EE37C /* Release */,
			);
			defaultConfigurationIsVisible = 0;
			defaultConfigurationName = Release;
		};
		8A47227821AD8F11005EE37C /* Build configuration list for PBXNativeTarget "Demo ifelseTests" */ = {
			isa = XCConfigurationList;
			buildConfigurations = (
				8A47227921AD8F11005EE37C /* Debug */,
				8A47227A21AD8F11005EE37C /* Release */,
			);
			defaultConfigurationIsVisible = 0;
			defaultConfigurationName = Release;
		};
		8A47227B21AD8F11005EE37C /* Build configuration list for PBXNativeTarget "Demo ifelseUITests" */ = {
			isa = XCConfigurationList;
			buildConfigurations = (
				8A47227C21AD8F11005EE37C /* Debug */,
				8A47227D21AD8F11005EE37C /* Release */,
			);
			defaultConfigurationIsVisible = 0;
			defaultConfigurationName = Release;
		};
/* End XCConfigurationList section */
	};
	rootObject = 8A47224521AD8F0F005EE37C /* Project object */;
}
